
Microsoft Visual Studio Solution File, Format Version 12.00
# Visual Studio Version 17
VisualStudioVersion = 17.0.31919.166
MinimumVisualStudioVersion = 10.0.40219.1
Project("{FAE04EC0-301F-11D3-BF4B-00C04F79EFBC}") = "ProductApi", "ProductApi\ProductApi.csproj", "{0009E2FB-EE31-4BBF-8BDC-B80FA8ED7AC0}"
EndProject
Project("{FAE04EC0-301F-11D3-BF4B-00C04F79EFBC}") = "Product.Model", "Product.Model\Product.Model.csproj", "{74A0BD64-1B61-449A-9267-0D83D704E237}"
EndProject
Project("{FAE04EC0-301F-11D3-BF4B-00C04F79EFBC}") = "Product.Infrastructure", "Product.Infrastructure\Product.Infrastructure.csproj", "{6A757487-B332-419D-9795-93F0C3091925}"
EndProject
Project("{FAE04EC0-301F-11D3-BF4B-00C04F79EFBC}") = "Product.App.Contract", "Product.App.Contract\Product.App.Contract.csproj", "{35DC694A-63FF-4B00-8343-A0DDE508F7BD}"
EndProject
Project("{FAE04EC0-301F-11D3-BF4B-00C04F79EFBC}") = "Product.App", "Product.App\Product.App.csproj", "{74AC9D6D-2116-41A2-A07C-8853E06A1830}"
EndProject
Global
	GlobalSection(SolutionConfigurationPlatforms) = preSolution
		Debug|Any CPU = Debug|Any CPU
		Release|Any CPU = Release|Any CPU
	EndGlobalSection
	GlobalSection(ProjectConfigurationPlatforms) = postSolution
		{0009E2FB-EE31-4BBF-8BDC-B80FA8ED7AC0}.Debug|Any CPU.ActiveCfg = Debug|Any CPU
		{0009E2FB-EE31-4BBF-8BDC-B80FA8ED7AC0}.Debug|Any CPU.Build.0 = Debug|Any CPU
		{0009E2FB-EE31-4BBF-8BDC-B80FA8ED7AC0}.Release|Any CPU.ActiveCfg = Release|Any CPU
		{0009E2FB-EE31-4BBF-8BDC-B80FA8ED7AC0}.Release|Any CPU.Build.0 = Release|Any CPU
		{74A0BD64-1B61-449A-9267-0D83D704E237}.Debug|Any CPU.ActiveCfg = Debug|Any CPU
		{74A0BD64-1B61-449A-9267-0D83D704E237}.Debug|Any CPU.Build.0 = Debug|Any CPU
		{74A0BD64-1B61-449A-9267-0D83D704E237}.Release|Any CPU.ActiveCfg = Release|Any CPU
		{74A0BD64-1B61-449A-9267-0D83D704E237}.Release|Any CPU.Build.0 = Release|Any CPU
		{6A757487-B332-419D-9795-93F0C3091925}.Debug|Any CPU.ActiveCfg = Debug|Any CPU
		{6A757487-B332-419D-9795-93F0C3091925}.Debug|Any CPU.Build.0 = Debug|Any CPU
		{6A757487-B332-419D-9795-93F0C3091925}.Release|Any CPU.ActiveCfg = Release|Any CPU
		{6A757487-B332-419D-9795-93F0C3091925}.Release|Any CPU.Build.0 = Release|Any CPU
		{35DC694A-63FF-4B00-8343-A0DDE508F7BD}.Debug|Any CPU.ActiveCfg = Debug|Any CPU
		{35DC694A-63FF-4B00-8343-A0DDE508F7BD}.Debug|Any CPU.Build.0 = Debug|Any CPU
		{35DC694A-63FF-4B00-8343-A0DDE508F7BD}.Release|Any CPU.ActiveCfg = Release|Any CPU
		{35DC694A-63FF-4B00-8343-A0DDE508F7BD}.Release|Any CPU.Build.0 = Release|Any CPU
		{74AC9D6D-2116-41A2-A07C-8853E06A1830}.Debug|Any CPU.ActiveCfg = Debug|Any CPU
		{74AC9D6D-2116-41A2-A07C-8853E06A1830}.Debug|Any CPU.Build.0 = Debug|Any CPU
		{74AC9D6D-2116-41A2-A07C-8853E06A1830}.Release|Any CPU.ActiveCfg = Release|Any CPU
		{74AC9D6D-2116-41A2-A07C-8853E06A1830}.Release|Any CPU.Build.0 = Release|Any CPU
	EndGlobalSection
	GlobalSection(SolutionProperties) = preSolution
		HideSolutionNode = FALSE
	EndGlobalSection
	GlobalSection(ExtensibilityGlobals) = postSolution
		SolutionGuid = {CDBE8788-9282-473D-B7E5-E7C97DC08950}
	EndGlobalSection
EndGlobal
